// !$*UTF8*$!
{
	archiveVersion = 1;
	classes = {
	};
	objectVersion = 46;
	objects = {

/* Begin PBXBuildFile section */
		18A4748B29471BAF002725E6 /* VirtualSticksViewController+Getcoord.swift in Sources */ = {isa = PBXBuildFile; fileRef = 18A4748A29471BAF002725E6 /* VirtualSticksViewController+Getcoord.swift */; };
		18A4748D29471F33002725E6 /* VirtualSticksViewController+Waypoint.swift in Sources */ = {isa = PBXBuildFile; fileRef = 18A4748C29471F33002725E6 /* VirtualSticksViewController+Waypoint.swift */; };
		18A4748F29472465002725E6 /* VirtualSticksViewController+SendControl.swift in Sources */ = {isa = PBXBuildFile; fileRef = 18A4748E29472465002725E6 /* VirtualSticksViewController+SendControl.swift */; };
		18A474912947252A002725E6 /* VirtualSticksViewController+OptiTrackUDP.swift in Sources */ = {isa = PBXBuildFile; fileRef = 18A474902947252A002725E6 /* VirtualSticksViewController+OptiTrackUDP.swift */; };
		2F0FC85D21EDC06100D1C635 /* VideoPreviewerAdapter.swift in Sources */ = {isa = PBXBuildFile; fileRef = 2F0FC85C21EDC06100D1C635 /* VideoPreviewerAdapter.swift */; };
		2F0FC85F21EDC81C00D1C635 /* CameraFPVViewController.swift in Sources */ = {isa = PBXBuildFile; fileRef = 2F0FC85E21EDC81C00D1C635 /* CameraFPVViewController.swift */; };
		2F0FC86C21EE058900D1C635 /* libDJIWidget.a in Frameworks */ = {isa = PBXBuildFile; fileRef = 2F0FC86B21EE058900D1C635 /* libDJIWidget.a */; };
		2F0FC86E21EE1D0300D1C635 /* DecodeImageCalibrateLogic.swift in Sources */ = {isa = PBXBuildFile; fileRef = 2F0FC86D21EE1D0300D1C635 /* DecodeImageCalibrateLogic.swift */; };
		2F0FC87921F06D9B00D1C635 /* DistortionResource.bundle in Resources */ = {isa = PBXBuildFile; fileRef = 2F0FC87821F06D9B00D1C635 /* DistortionResource.bundle */; };
		2FA27929CCB616164739C666 /* libPods-DJISDKSwiftDemo.a in Frameworks */ = {isa = PBXBuildFile; fileRef = C40D78F8F863BD4FD34D5FC0 /* libPods-DJISDKSwiftDemo.a */; };
		51AAFCD221FEB35900742997 /* DJIAlert.swift in Sources */ = {isa = PBXBuildFile; fileRef = 51AAFCD121FEB35900742997 /* DJIAlert.swift */; };
		A402788320AD473E0072809B /* FlightHubViewController.swift in Sources */ = {isa = PBXBuildFile; fileRef = A402788220AD473E0072809B /* FlightHubViewController.swift */; };
		A47868D7209AC6DA00DBC666 /* AppDelegate.swift in Sources */ = {isa = PBXBuildFile; fileRef = A47868C5209AC6DA00DBC666 /* AppDelegate.swift */; };
		A47868D8209AC6DA00DBC666 /* Assets.xcassets in Resources */ = {isa = PBXBuildFile; fileRef = A47868C6209AC6DA00DBC666 /* Assets.xcassets */; };
		A47868D9209AC6DA00DBC666 /* LaunchScreen.storyboard in Resources */ = {isa = PBXBuildFile; fileRef = A47868C7209AC6DA00DBC666 /* LaunchScreen.storyboard */; };
		A47868DA209AC6DA00DBC666 /* Main.storyboard in Resources */ = {isa = PBXBuildFile; fileRef = A47868C9209AC6DA00DBC666 /* Main.storyboard */; };
		A47868DB209AC6DA00DBC666 /* BluetoothConnectorViewController.swift in Sources */ = {isa = PBXBuildFile; fileRef = A47868CB209AC6DA00DBC666 /* BluetoothConnectorViewController.swift */; };
		A47868DD209AC6DA00DBC666 /* KeyedInterfaceViewController.swift in Sources */ = {isa = PBXBuildFile; fileRef = A47868CE209AC6DA00DBC666 /* KeyedInterfaceViewController.swift */; };
		A47868DE209AC6DA00DBC666 /* TimelineElementCollectionViewCell.swift in Sources */ = {isa = PBXBuildFile; fileRef = A47868D0209AC6DA00DBC666 /* TimelineElementCollectionViewCell.swift */; };
		A47868DF209AC6DA00DBC666 /* TimelineMissionViewController.swift in Sources */ = {isa = PBXBuildFile; fileRef = A47868D1209AC6DA00DBC666 /* TimelineMissionViewController.swift */; };
		A47868E0209AC6DA00DBC666 /* ProductCommunicationManager.swift in Sources */ = {isa = PBXBuildFile; fileRef = A47868D3209AC6DA00DBC666 /* ProductCommunicationManager.swift */; };
		A47868E1209AC6DA00DBC666 /* StartupViewController.swift in Sources */ = {isa = PBXBuildFile; fileRef = A47868D4209AC6DA00DBC666 /* StartupViewController.swift */; };
		A47868E2209AC6DA00DBC666 /* DJIImageAnnotation.swift in Sources */ = {isa = PBXBuildFile; fileRef = A47868D6209AC6DA00DBC666 /* DJIImageAnnotation.swift */; };
		CA7057E22A1DB35800B92527 /* ScanViewController.swift in Sources */ = {isa = PBXBuildFile; fileRef = CA7057E12A1DB35800B92527 /* ScanViewController.swift */; };
		CA7057E42A1DC4A400B92527 /* ScanViewController+MC.swift in Sources */ = {isa = PBXBuildFile; fileRef = CA7057E32A1DC4A400B92527 /* ScanViewController+MC.swift */; };
		CA7057E82A1DD23B00B92527 /* ScanViewController+DJI.swift in Sources */ = {isa = PBXBuildFile; fileRef = CA7057E72A1DD23B00B92527 /* ScanViewController+DJI.swift */; };
		CA7057EA2A1DDB0900B92527 /* ScanViewController+Control.swift in Sources */ = {isa = PBXBuildFile; fileRef = CA7057E92A1DDB0900B92527 /* ScanViewController+Control.swift */; };
		CAB972B9292208220057DAE2 /* AircraftState.swift in Sources */ = {isa = PBXBuildFile; fileRef = CAB972B8292208220057DAE2 /* AircraftState.swift */; };
		CAD2E4D228ED59C9002098BC /* VirtualSticksViewController.swift in Sources */ = {isa = PBXBuildFile; fileRef = CAD2E4D128ED59C9002098BC /* VirtualSticksViewController.swift */; };
		CAD710692A6766210086F7D2 /* ScanViewController+RBS.swift in Sources */ = {isa = PBXBuildFile; fileRef = CAD710682A6766210086F7D2 /* ScanViewController+RBS.swift */; };
		CAF3D6F32A2C63CA0032C98B /* DJIStatus.swift in Sources */ = {isa = PBXBuildFile; fileRef = CAF3D6F22A2C63CA0032C98B /* DJIStatus.swift */; };
/* End PBXBuildFile section */

/* Begin PBXFileReference section */
		00B747C3261AE518C946BD9D /* Pods-DJISDKSwiftDemo.release.xcconfig */ = {isa = PBXFileReference; includeInIndex = 1; lastKnownFileType = text.xcconfig; name = "Pods-DJISDKSwiftDemo.release.xcconfig"; path = "Target Support Files/Pods-DJISDKSwiftDemo/Pods-DJISDKSwiftDemo.release.xcconfig"; sourceTree = "<group>"; };
		18A4748A29471BAF002725E6 /* VirtualSticksViewController+Getcoord.swift */ = {isa = PBXFileReference; lastKnownFileType = sourcecode.swift; path = "VirtualSticksViewController+Getcoord.swift"; sourceTree = "<group>"; };
		18A4748C29471F33002725E6 /* VirtualSticksViewController+Waypoint.swift */ = {isa = PBXFileReference; lastKnownFileType = sourcecode.swift; path = "VirtualSticksViewController+Waypoint.swift"; sourceTree = "<group>"; };
		18A4748E29472465002725E6 /* VirtualSticksViewController+SendControl.swift */ = {isa = PBXFileReference; lastKnownFileType = sourcecode.swift; path = "VirtualSticksViewController+SendControl.swift"; sourceTree = "<group>"; };
		18A474902947252A002725E6 /* VirtualSticksViewController+OptiTrackUDP.swift */ = {isa = PBXFileReference; lastKnownFileType = sourcecode.swift; path = "VirtualSticksViewController+OptiTrackUDP.swift"; sourceTree = "<group>"; };
		2F0FC85C21EDC06100D1C635 /* VideoPreviewerAdapter.swift */ = {isa = PBXFileReference; lastKnownFileType = sourcecode.swift; path = VideoPreviewerAdapter.swift; sourceTree = "<group>"; };
		2F0FC85E21EDC81C00D1C635 /* CameraFPVViewController.swift */ = {isa = PBXFileReference; lastKnownFileType = sourcecode.swift; path = CameraFPVViewController.swift; sourceTree = "<group>"; };
		2F0FC86A21EDFFEE00D1C635 /* DJIWidget-Bridging-Header.h */ = {isa = PBXFileReference; lastKnownFileType = sourcecode.c.h; path = "DJIWidget-Bridging-Header.h"; sourceTree = "<group>"; };
		2F0FC86B21EE058900D1C635 /* libDJIWidget.a */ = {isa = PBXFileReference; explicitFileType = archive.ar; path = libDJIWidget.a; sourceTree = BUILT_PRODUCTS_DIR; };
		2F0FC86D21EE1D0300D1C635 /* DecodeImageCalibrateLogic.swift */ = {isa = PBXFileReference; lastKnownFileType = sourcecode.swift; path = DecodeImageCalibrateLogic.swift; sourceTree = "<group>"; };
		2F0FC87821F06D9B00D1C635 /* DistortionResource.bundle */ = {isa = PBXFileReference; lastKnownFileType = "wrapper.plug-in"; path = DistortionResource.bundle; sourceTree = "<group>"; };
		51AAFCD121FEB35900742997 /* DJIAlert.swift */ = {isa = PBXFileReference; lastKnownFileType = sourcecode.swift; path = DJIAlert.swift; sourceTree = "<group>"; };
		631AF7757A69A8CC1A9F05CC /* Pods-DJISDKSwiftDemo.debug.xcconfig */ = {isa = PBXFileReference; includeInIndex = 1; lastKnownFileType = text.xcconfig; name = "Pods-DJISDKSwiftDemo.debug.xcconfig"; path = "Target Support Files/Pods-DJISDKSwiftDemo/Pods-DJISDKSwiftDemo.debug.xcconfig"; sourceTree = "<group>"; };
		86985CC91E834EC200577EC7 /* DJISDKSwiftDemo.app */ = {isa = PBXFileReference; explicitFileType = wrapper.application; includeInIndex = 0; path = DJISDKSwiftDemo.app; sourceTree = BUILT_PRODUCTS_DIR; };
		A402788220AD473E0072809B /* FlightHubViewController.swift */ = {isa = PBXFileReference; fileEncoding = 4; lastKnownFileType = sourcecode.swift; path = FlightHubViewController.swift; sourceTree = "<group>"; };
		A47868C5209AC6DA00DBC666 /* AppDelegate.swift */ = {isa = PBXFileReference; fileEncoding = 4; lastKnownFileType = sourcecode.swift; path = AppDelegate.swift; sourceTree = "<group>"; };
		A47868C6209AC6DA00DBC666 /* Assets.xcassets */ = {isa = PBXFileReference; lastKnownFileType = folder.assetcatalog; path = Assets.xcassets; sourceTree = "<group>"; };
		A47868C8209AC6DA00DBC666 /* Base */ = {isa = PBXFileReference; lastKnownFileType = file.storyboard; name = Base; path = Base.lproj/LaunchScreen.storyboard; sourceTree = "<group>"; };
		A47868CA209AC6DA00DBC666 /* Base */ = {isa = PBXFileReference; lastKnownFileType = file.storyboard; name = Base; path = Base.lproj/Main.storyboard; sourceTree = "<group>"; };
		A47868CB209AC6DA00DBC666 /* BluetoothConnectorViewController.swift */ = {isa = PBXFileReference; fileEncoding = 4; lastKnownFileType = sourcecode.swift; path = BluetoothConnectorViewController.swift; sourceTree = "<group>"; };
		A47868CC209AC6DA00DBC666 /* Info.plist */ = {isa = PBXFileReference; fileEncoding = 4; lastKnownFileType = text.plist.xml; path = Info.plist; sourceTree = "<group>"; };
		A47868CE209AC6DA00DBC666 /* KeyedInterfaceViewController.swift */ = {isa = PBXFileReference; fileEncoding = 4; lastKnownFileType = sourcecode.swift; path = KeyedInterfaceViewController.swift; sourceTree = "<group>"; };
		A47868D0209AC6DA00DBC666 /* TimelineElementCollectionViewCell.swift */ = {isa = PBXFileReference; fileEncoding = 4; lastKnownFileType = sourcecode.swift; path = TimelineElementCollectionViewCell.swift; sourceTree = "<group>"; };
		A47868D1209AC6DA00DBC666 /* TimelineMissionViewController.swift */ = {isa = PBXFileReference; fileEncoding = 4; lastKnownFileType = sourcecode.swift; path = TimelineMissionViewController.swift; sourceTree = "<group>"; };
		A47868D3209AC6DA00DBC666 /* ProductCommunicationManager.swift */ = {isa = PBXFileReference; fileEncoding = 4; lastKnownFileType = sourcecode.swift; path = ProductCommunicationManager.swift; sourceTree = "<group>"; };
		A47868D4209AC6DA00DBC666 /* StartupViewController.swift */ = {isa = PBXFileReference; fileEncoding = 4; lastKnownFileType = sourcecode.swift; path = StartupViewController.swift; sourceTree = "<group>"; };
		A47868D6209AC6DA00DBC666 /* DJIImageAnnotation.swift */ = {isa = PBXFileReference; fileEncoding = 4; lastKnownFileType = sourcecode.swift; path = DJIImageAnnotation.swift; sourceTree = "<group>"; };
		C40D78F8F863BD4FD34D5FC0 /* libPods-DJISDKSwiftDemo.a */ = {isa = PBXFileReference; explicitFileType = archive.ar; includeInIndex = 0; path = "libPods-DJISDKSwiftDemo.a"; sourceTree = BUILT_PRODUCTS_DIR; };
		CA7057E12A1DB35800B92527 /* ScanViewController.swift */ = {isa = PBXFileReference; lastKnownFileType = sourcecode.swift; path = ScanViewController.swift; sourceTree = "<group>"; };
		CA7057E32A1DC4A400B92527 /* ScanViewController+MC.swift */ = {isa = PBXFileReference; lastKnownFileType = sourcecode.swift; path = "ScanViewController+MC.swift"; sourceTree = "<group>"; };
		CA7057E72A1DD23B00B92527 /* ScanViewController+DJI.swift */ = {isa = PBXFileReference; lastKnownFileType = sourcecode.swift; path = "ScanViewController+DJI.swift"; sourceTree = "<group>"; };
		CA7057E92A1DDB0900B92527 /* ScanViewController+Control.swift */ = {isa = PBXFileReference; lastKnownFileType = sourcecode.swift; path = "ScanViewController+Control.swift"; sourceTree = "<group>"; };
		CA96100A2A936002001500A5 /* libCocoaAsyncSocket.a */ = {isa = PBXFileReference; explicitFileType = archive.ar; path = libCocoaAsyncSocket.a; sourceTree = BUILT_PRODUCTS_DIR; };
		CAB972B8292208220057DAE2 /* AircraftState.swift */ = {isa = PBXFileReference; lastKnownFileType = sourcecode.swift; path = AircraftState.swift; sourceTree = "<group>"; };
		CAD2E4D128ED59C9002098BC /* VirtualSticksViewController.swift */ = {isa = PBXFileReference; lastKnownFileType = sourcecode.swift; path = VirtualSticksViewController.swift; sourceTree = "<group>"; };
		CAD710682A6766210086F7D2 /* ScanViewController+RBS.swift */ = {isa = PBXFileReference; lastKnownFileType = sourcecode.swift; path = "ScanViewController+RBS.swift"; sourceTree = "<group>"; };
		CAF3D6F22A2C63CA0032C98B /* DJIStatus.swift */ = {isa = PBXFileReference; lastKnownFileType = sourcecode.swift; path = DJIStatus.swift; sourceTree = "<group>"; };
/* End PBXFileReference section */

/* Begin PBXFrameworksBuildPhase section */
		86985CC61E834EC200577EC7 /* Frameworks */ = {
			isa = PBXFrameworksBuildPhase;
			buildActionMask = 2147483647;
			files = (
				2F0FC86C21EE058900D1C635 /* libDJIWidget.a in Frameworks */,
				2FA27929CCB616164739C666 /* libPods-DJISDKSwiftDemo.a in Frameworks */,
			);
			runOnlyForDeploymentPostprocessing = 0;
		};
/* End PBXFrameworksBuildPhase section */

/* Begin PBXGroup section */
		0B6F263FBC093B7B6FB6EF51 /* Frameworks */ = {
			isa = PBXGroup;
			children = (
				CA96100A2A936002001500A5 /* libCocoaAsyncSocket.a */,
				2F0FC86B21EE058900D1C635 /* libDJIWidget.a */,
				C40D78F8F863BD4FD34D5FC0 /* libPods-DJISDKSwiftDemo.a */,
			);
			name = Frameworks;
			sourceTree = "<group>";
		};
		2F0FC85A21EDBB0B00D1C635 /* Camera */ = {
			isa = PBXGroup;
			children = (
				2F0FC85C21EDC06100D1C635 /* VideoPreviewerAdapter.swift */,
				2F0FC86D21EE1D0300D1C635 /* DecodeImageCalibrateLogic.swift */,
				2F0FC85B21EDBB1600D1C635 /* fpv */,
			);
			path = Camera;
			sourceTree = "<group>";
		};
		2F0FC85B21EDBB1600D1C635 /* fpv */ = {
			isa = PBXGroup;
			children = (
				2F0FC85E21EDC81C00D1C635 /* CameraFPVViewController.swift */,
			);
			path = fpv;
			sourceTree = "<group>";
		};
		3F31A7A63450479CAF5BCC47 /* Pods */ = {
			isa = PBXGroup;
			children = (
				631AF7757A69A8CC1A9F05CC /* Pods-DJISDKSwiftDemo.debug.xcconfig */,
				00B747C3261AE518C946BD9D /* Pods-DJISDKSwiftDemo.release.xcconfig */,
			);
			path = Pods;
			sourceTree = "<group>";
		};
		86985CC01E834EC200577EC7 = {
			isa = PBXGroup;
			children = (
				A47868C4209AC6DA00DBC666 /* DJISDKSwiftDemo */,
				86985CCA1E834EC200577EC7 /* Products */,
				0B6F263FBC093B7B6FB6EF51 /* Frameworks */,
				3F31A7A63450479CAF5BCC47 /* Pods */,
			);
			sourceTree = "<group>";
		};
		86985CCA1E834EC200577EC7 /* Products */ = {
			isa = PBXGroup;
			children = (
				86985CC91E834EC200577EC7 /* DJISDKSwiftDemo.app */,
			);
			name = Products;
			sourceTree = "<group>";
		};
		A402788120AD473E0072809B /* FlightHub */ = {
			isa = PBXGroup;
			children = (
				A402788220AD473E0072809B /* FlightHubViewController.swift */,
			);
			path = FlightHub;
			sourceTree = "<group>";
		};
		A47868C4209AC6DA00DBC666 /* DJISDKSwiftDemo */ = {
			isa = PBXGroup;
			children = (
				A47868C6209AC6DA00DBC666 /* Assets.xcassets */,
				2F0FC87821F06D9B00D1C635 /* DistortionResource.bundle */,
				A47868C7209AC6DA00DBC666 /* LaunchScreen.storyboard */,
				A47868C9209AC6DA00DBC666 /* Main.storyboard */,
				A47868C5209AC6DA00DBC666 /* AppDelegate.swift */,
				A47868CB209AC6DA00DBC666 /* BluetoothConnectorViewController.swift */,
				A47868D4209AC6DA00DBC666 /* StartupViewController.swift */,
				2F0FC86A21EDFFEE00D1C635 /* DJIWidget-Bridging-Header.h */,
				A47868CC209AC6DA00DBC666 /* Info.plist */,
				A402788120AD473E0072809B /* FlightHub */,
				2F0FC85A21EDBB0B00D1C635 /* Camera */,
				A47868CD209AC6DA00DBC666 /* KeyedInterfaces */,
				A47868CF209AC6DA00DBC666 /* Missions */,
				A47868D2209AC6DA00DBC666 /* Services */,
				A47868D5209AC6DA00DBC666 /* UIObjects */,
				CAD2E4D028ED5956002098BC /* VirtualSticks+Optitrack */,
				CA7673B12A15B1E2008E6301 /* scan+ARsession */,
			);
			path = DJISDKSwiftDemo;
			sourceTree = "<group>";
		};
		A47868CD209AC6DA00DBC666 /* KeyedInterfaces */ = {
			isa = PBXGroup;
			children = (
				A47868CE209AC6DA00DBC666 /* KeyedInterfaceViewController.swift */,
			);
			path = KeyedInterfaces;
			sourceTree = "<group>";
		};
		A47868CF209AC6DA00DBC666 /* Missions */ = {
			isa = PBXGroup;
			children = (
				A47868D0209AC6DA00DBC666 /* TimelineElementCollectionViewCell.swift */,
				A47868D1209AC6DA00DBC666 /* TimelineMissionViewController.swift */,
			);
			path = Missions;
			sourceTree = "<group>";
		};
		A47868D2209AC6DA00DBC666 /* Services */ = {
			isa = PBXGroup;
			children = (
				A47868D3209AC6DA00DBC666 /* ProductCommunicationManager.swift */,
			);
			path = Services;
			sourceTree = "<group>";
		};
		A47868D5209AC6DA00DBC666 /* UIObjects */ = {
			isa = PBXGroup;
			children = (
				A47868D6209AC6DA00DBC666 /* DJIImageAnnotation.swift */,
				51AAFCD121FEB35900742997 /* DJIAlert.swift */,
			);
			path = UIObjects;
			sourceTree = "<group>";
		};
		CA7673B12A15B1E2008E6301 /* scan+ARsession */ = {
			isa = PBXGroup;
			children = (
				CA7057E12A1DB35800B92527 /* ScanViewController.swift */,
				CA7057E72A1DD23B00B92527 /* ScanViewController+DJI.swift */,
				CA7057E92A1DDB0900B92527 /* ScanViewController+Control.swift */,
				CA7057E32A1DC4A400B92527 /* ScanViewController+MC.swift */,
				CAD710682A6766210086F7D2 /* ScanViewController+RBS.swift */,
				CAF3D6F22A2C63CA0032C98B /* DJIStatus.swift */,
			);
			path = "scan+ARsession";
			sourceTree = "<group>";
		};
		CAD2E4D028ED5956002098BC /* VirtualSticks+Optitrack */ = {
			isa = PBXGroup;
			children = (
				CAD2E4D128ED59C9002098BC /* VirtualSticksViewController.swift */,
				CAB972B8292208220057DAE2 /* AircraftState.swift */,
				18A4748A29471BAF002725E6 /* VirtualSticksViewController+Getcoord.swift */,
				18A4748C29471F33002725E6 /* VirtualSticksViewController+Waypoint.swift */,
				18A4748E29472465002725E6 /* VirtualSticksViewController+SendControl.swift */,
				18A474902947252A002725E6 /* VirtualSticksViewController+OptiTrackUDP.swift */,
			);
			path = "VirtualSticks+Optitrack";
			sourceTree = "<group>";
		};
/* End PBXGroup section */

/* Begin PBXNativeTarget section */
		86985CC81E834EC200577EC7 /* DJISDKSwiftDemo */ = {
			isa = PBXNativeTarget;
			buildConfigurationList = 86985CDD1E834EC200577EC7 /* Build configuration list for PBXNativeTarget "DJISDKSwiftDemo" */;
			buildPhases = (
				BE1B61F21590C1DCB30D9162 /* [CP] Check Pods Manifest.lock */,
				86985CC51E834EC200577EC7 /* Sources */,
				86985CC61E834EC200577EC7 /* Frameworks */,
				86985CC71E834EC200577EC7 /* Resources */,
				78CA55BC45CB1D657F0C5B11 /* [CP] Embed Pods Frameworks */,
				5B6603BE10B8A94C4EAF3B51 /* [CP] Copy Pods Resources */,
			);
			buildRules = (
			);
			dependencies = (
			);
			name = DJISDKSwiftDemo;
			productName = "SDK Swift Sample";
			productReference = 86985CC91E834EC200577EC7 /* DJISDKSwiftDemo.app */;
			productType = "com.apple.product-type.application";
		};
/* End PBXNativeTarget section */

/* Begin PBXProject section */
		86985CC11E834EC200577EC7 /* Project object */ = {
			isa = PBXProject;
			attributes = {
				LastSwiftUpdateCheck = 0820;
				LastUpgradeCheck = 0820;
				ORGANIZATIONNAME = DJI;
				TargetAttributes = {
					86985CC81E834EC200577EC7 = {
						CreatedOnToolsVersion = 8.2.1;
						DevelopmentTeam = QTJX5Y895K;
						LastSwiftMigration = 1030;
						ProvisioningStyle = Automatic;
					};
				};
			};
			buildConfigurationList = 86985CC41E834EC200577EC7 /* Build configuration list for PBXProject "DJISDKSwiftDemo" */;
			compatibilityVersion = "Xcode 3.2";
			developmentRegion = English;
			hasScannedForEncodings = 0;
			knownRegions = (
				English,
				en,
				Base,
			);
			mainGroup = 86985CC01E834EC200577EC7;
			productRefGroup = 86985CCA1E834EC200577EC7 /* Products */;
			projectDirPath = "";
			projectRoot = "";
			targets = (
				86985CC81E834EC200577EC7 /* DJISDKSwiftDemo */,
			);
		};
/* End PBXProject section */

/* Begin PBXResourcesBuildPhase section */
		86985CC71E834EC200577EC7 /* Resources */ = {
			isa = PBXResourcesBuildPhase;
			buildActionMask = 2147483647;
			files = (
				2F0FC87921F06D9B00D1C635 /* DistortionResource.bundle in Resources */,
				A47868DA209AC6DA00DBC666 /* Main.storyboard in Resources */,
				A47868D8209AC6DA00DBC666 /* Assets.xcassets in Resources */,
				A47868D9209AC6DA00DBC666 /* LaunchScreen.storyboard in Resources */,
			);
			runOnlyForDeploymentPostprocessing = 0;
		};
/* End PBXResourcesBuildPhase section */

/* Begin PBXShellScriptBuildPhase section */
		5B6603BE10B8A94C4EAF3B51 /* [CP] Copy Pods Resources */ = {
			isa = PBXShellScriptBuildPhase;
			buildActionMask = 2147483647;
			files = (
			);
			inputPaths = (
				"${PODS_ROOT}/Target Support Files/Pods-DJISDKSwiftDemo/Pods-DJISDKSwiftDemo-resources.sh",
				"${PODS_ROOT}/DJIFlySafeDatabaseResource/DJIFlySafeDatabaseResource.bundle",
			);
			name = "[CP] Copy Pods Resources";
			outputPaths = (
				"${TARGET_BUILD_DIR}/${UNLOCALIZED_RESOURCES_FOLDER_PATH}/DJIFlySafeDatabaseResource.bundle",
			);
			runOnlyForDeploymentPostprocessing = 0;
			shellPath = /bin/sh;
			shellScript = "\"${PODS_ROOT}/Target Support Files/Pods-DJISDKSwiftDemo/Pods-DJISDKSwiftDemo-resources.sh\"\n";
			showEnvVarsInLog = 0;
		};
		78CA55BC45CB1D657F0C5B11 /* [CP] Embed Pods Frameworks */ = {
			isa = PBXShellScriptBuildPhase;
			buildActionMask = 2147483647;
			files = (
			);
			inputPaths = (
				"${PODS_ROOT}/Target Support Files/Pods-DJISDKSwiftDemo/Pods-DJISDKSwiftDemo-frameworks.sh",
				"${PODS_ROOT}/DJI-SDK-iOS/iOS_Mobile_SDK/DJISDK.framework",
				"${PODS_ROOT}/DJIWidget/FFmpeg/FFmpeg.framework",
			);
			name = "[CP] Embed Pods Frameworks";
			outputPaths = (
				"${TARGET_BUILD_DIR}/${FRAMEWORKS_FOLDER_PATH}/DJISDK.framework",
				"${TARGET_BUILD_DIR}/${FRAMEWORKS_FOLDER_PATH}/FFmpeg.framework",
			);
			runOnlyForDeploymentPostprocessing = 0;
			shellPath = /bin/sh;
			shellScript = "\"${PODS_ROOT}/Target Support Files/Pods-DJISDKSwiftDemo/Pods-DJISDKSwiftDemo-frameworks.sh\"\n";
			showEnvVarsInLog = 0;
		};
		BE1B61F21590C1DCB30D9162 /* [CP] Check Pods Manifest.lock */ = {
			isa = PBXShellScriptBuildPhase;
			buildActionMask = 2147483647;
			files = (
			);
			inputFileListPaths = (
			);
			inputPaths = (
				"${PODS_PODFILE_DIR_PATH}/Podfile.lock",
				"${PODS_ROOT}/Manifest.lock",
			);
			name = "[CP] Check Pods Manifest.lock";
			outputFileListPaths = (
			);
			outputPaths = (
				"$(DERIVED_FILE_DIR)/Pods-DJISDKSwiftDemo-checkManifestLockResult.txt",
			);
			runOnlyForDeploymentPostprocessing = 0;
			shellPath = /bin/sh;
			shellScript = "diff \"${PODS_PODFILE_DIR_PATH}/Podfile.lock\" \"${PODS_ROOT}/Manifest.lock\" > /dev/null\nif [ $? != 0 ] ; then\n    # print error to STDERR\n    echo \"error: The sandbox is not in sync with the Podfile.lock. Run 'pod install' or update your CocoaPods installation.\" >&2\n    exit 1\nfi\n# This output is used by Xcode 'outputs' to avoid re-running this script phase.\necho \"SUCCESS\" > \"${SCRIPT_OUTPUT_FILE_0}\"\n";
			showEnvVarsInLog = 0;
		};
/* End PBXShellScriptBuildPhase section */

/* Begin PBXSourcesBuildPhase section */
		86985CC51E834EC200577EC7 /* Sources */ = {
			isa = PBXSourcesBuildPhase;
			buildActionMask = 2147483647;
			files = (
				A47868E2209AC6DA00DBC666 /* DJIImageAnnotation.swift in Sources */,
				2F0FC85D21EDC06100D1C635 /* VideoPreviewerAdapter.swift in Sources */,
				A47868E0209AC6DA00DBC666 /* ProductCommunicationManager.swift in Sources */,
				CA7057E82A1DD23B00B92527 /* ScanViewController+DJI.swift in Sources */,
				A402788320AD473E0072809B /* FlightHubViewController.swift in Sources */,
				A47868D7209AC6DA00DBC666 /* AppDelegate.swift in Sources */,
				CA7057EA2A1DDB0900B92527 /* ScanViewController+Control.swift in Sources */,
				CA7057E42A1DC4A400B92527 /* ScanViewController+MC.swift in Sources */,
				CAD2E4D228ED59C9002098BC /* VirtualSticksViewController.swift in Sources */,
				CAB972B9292208220057DAE2 /* AircraftState.swift in Sources */,
				A47868E1209AC6DA00DBC666 /* StartupViewController.swift in Sources */,
				CA7057E22A1DB35800B92527 /* ScanViewController.swift in Sources */,
				A47868DB209AC6DA00DBC666 /* BluetoothConnectorViewController.swift in Sources */,
				CAD710692A6766210086F7D2 /* ScanViewController+RBS.swift in Sources */,
				18A4748F29472465002725E6 /* VirtualSticksViewController+SendControl.swift in Sources */,
				51AAFCD221FEB35900742997 /* DJIAlert.swift in Sources */,
				A47868DE209AC6DA00DBC666 /* TimelineElementCollectionViewCell.swift in Sources */,
				18A4748D29471F33002725E6 /* VirtualSticksViewController+Waypoint.swift in Sources */,
				18A474912947252A002725E6 /* VirtualSticksViewController+OptiTrackUDP.swift in Sources */,
				A47868DD209AC6DA00DBC666 /* KeyedInterfaceViewController.swift in Sources */,
				A47868DF209AC6DA00DBC666 /* TimelineMissionViewController.swift in Sources */,
				2F0FC86E21EE1D0300D1C635 /* DecodeImageCalibrateLogic.swift in Sources */,
				CAF3D6F32A2C63CA0032C98B /* DJIStatus.swift in Sources */,
				18A4748B29471BAF002725E6 /* VirtualSticksViewController+Getcoord.swift in Sources */,
				2F0FC85F21EDC81C00D1C635 /* CameraFPVViewController.swift in Sources */,
			);
			runOnlyForDeploymentPostprocessing = 0;
		};
/* End PBXSourcesBuildPhase section */

/* Begin PBXVariantGroup section */
		A47868C7209AC6DA00DBC666 /* LaunchScreen.storyboard */ = {
			isa = PBXVariantGroup;
			children = (
				A47868C8209AC6DA00DBC666 /* Base */,
			);
			name = LaunchScreen.storyboard;
			sourceTree = "<group>";
		};
		A47868C9209AC6DA00DBC666 /* Main.storyboard */ = {
			isa = PBXVariantGroup;
			children = (
				A47868CA209AC6DA00DBC666 /* Base */,
			);
			name = Main.storyboard;
			sourceTree = "<group>";
		};
/* End PBXVariantGroup section */

/* Begin XCBuildConfiguration section */
		86985CDB1E834EC200577EC7 /* Debug */ = {
			isa = XCBuildConfiguration;
			buildSettings = {
				ALWAYS_EMBED_SWIFT_STANDARD_LIBRARIES = NO;
				ALWAYS_SEARCH_USER_PATHS = NO;
				CLANG_ALLOW_NON_MODULAR_INCLUDES_IN_FRAMEWORK_MODULES = YES;
				CLANG_ANALYZER_NONNULL = YES;
				CLANG_CXX_LANGUAGE_STANDARD = "gnu++0x";
				CLANG_CXX_LIBRARY = "libc++";
				CLANG_ENABLE_MODULES = YES;
				CLANG_ENABLE_OBJC_ARC = YES;
				CLANG_WARN_BOOL_CONVERSION = YES;
				CLANG_WARN_CONSTANT_CONVERSION = YES;
				CLANG_WARN_DIRECT_OBJC_ISA_USAGE = YES_ERROR;
				CLANG_WARN_DOCUMENTATION_COMMENTS = YES;
				CLANG_WARN_EMPTY_BODY = YES;
				CLANG_WARN_ENUM_CONVERSION = YES;
				CLANG_WARN_INFINITE_RECURSION = YES;
				CLANG_WARN_INT_CONVERSION = YES;
				CLANG_WARN_OBJC_ROOT_CLASS = YES_ERROR;
				CLANG_WARN_SUSPICIOUS_MOVE = YES;
				CLANG_WARN_UNREACHABLE_CODE = YES;
				CLANG_WARN__DUPLICATE_METHOD_MATCH = YES;
				"CODE_SIGN_IDENTITY[sdk=iphoneos*]" = "iPhone Developer";
				COPY_PHASE_STRIP = NO;
				DEBUG_INFORMATION_FORMAT = dwarf;
				ENABLE_BITCODE = NO;
				ENABLE_STRICT_OBJC_MSGSEND = YES;
				ENABLE_TESTABILITY = YES;
				FRAMEWORK_SEARCH_PATHS = "";
				GCC_C_LANGUAGE_STANDARD = gnu99;
				GCC_DYNAMIC_NO_PIC = NO;
				GCC_NO_COMMON_BLOCKS = YES;
				GCC_OPTIMIZATION_LEVEL = 0;
				GCC_PREPROCESSOR_DEFINITIONS = (
					"DEBUG=1",
					"$(inherited)",
				);
				GCC_WARN_64_TO_32_BIT_CONVERSION = YES;
				GCC_WARN_ABOUT_RETURN_TYPE = YES_ERROR;
				GCC_WARN_UNDECLARED_SELECTOR = YES;
				GCC_WARN_UNINITIALIZED_AUTOS = YES_AGGRESSIVE;
				GCC_WARN_UNUSED_FUNCTION = YES;
				GCC_WARN_UNUSED_VARIABLE = YES;
				INFOPLIST_KEY_NSLocalNetworkUsageDescription = Yes;
				MTL_ENABLE_DEBUG_INFO = YES;
				ONLY_ACTIVE_ARCH = YES;
				SDKROOT = iphoneos;
				SWIFT_ACTIVE_COMPILATION_CONDITIONS = DEBUG;
				SWIFT_OPTIMIZATION_LEVEL = "-Onone";
				SWIFT_VERSION = 5.0;
				TARGETED_DEVICE_FAMILY = "1,2";
			};
			name = Debug;
		};
		86985CDC1E834EC200577EC7 /* Release */ = {
			isa = XCBuildConfiguration;
			buildSettings = {
				ALWAYS_EMBED_SWIFT_STANDARD_LIBRARIES = NO;
				ALWAYS_SEARCH_USER_PATHS = NO;
				CLANG_ALLOW_NON_MODULAR_INCLUDES_IN_FRAMEWORK_MODULES = YES;
				CLANG_ANALYZER_NONNULL = YES;
				CLANG_CXX_LANGUAGE_STANDARD = "gnu++0x";
				CLANG_CXX_LIBRARY = "libc++";
				CLANG_ENABLE_MODULES = YES;
				CLANG_ENABLE_OBJC_ARC = YES;
				CLANG_WARN_BOOL_CONVERSION = YES;
				CLANG_WARN_CONSTANT_CONVERSION = YES;
				CLANG_WARN_DIRECT_OBJC_ISA_USAGE = YES_ERROR;
				CLANG_WARN_DOCUMENTATION_COMMENTS = YES;
				CLANG_WARN_EMPTY_BODY = YES;
				CLANG_WARN_ENUM_CONVERSION = YES;
				CLANG_WARN_INFINITE_RECURSION = YES;
				CLANG_WARN_INT_CONVERSION = YES;
				CLANG_WARN_OBJC_ROOT_CLASS = YES_ERROR;
				CLANG_WARN_SUSPICIOUS_MOVE = YES;
				CLANG_WARN_UNREACHABLE_CODE = YES;
				CLANG_WARN__DUPLICATE_METHOD_MATCH = YES;
				"CODE_SIGN_IDENTITY[sdk=iphoneos*]" = "iPhone Developer";
				COPY_PHASE_STRIP = NO;
				DEBUG_INFORMATION_FORMAT = "dwarf-with-dsym";
				ENABLE_BITCODE = NO;
				ENABLE_NS_ASSERTIONS = NO;
				ENABLE_STRICT_OBJC_MSGSEND = YES;
				FRAMEWORK_SEARCH_PATHS = "";
				GCC_C_LANGUAGE_STANDARD = gnu99;
				GCC_NO_COMMON_BLOCKS = YES;
				GCC_WARN_64_TO_32_BIT_CONVERSION = YES;
				GCC_WARN_ABOUT_RETURN_TYPE = YES_ERROR;
				GCC_WARN_UNDECLARED_SELECTOR = YES;
				GCC_WARN_UNINITIALIZED_AUTOS = YES_AGGRESSIVE;
				GCC_WARN_UNUSED_FUNCTION = YES;
				GCC_WARN_UNUSED_VARIABLE = YES;
				INFOPLIST_KEY_NSLocalNetworkUsageDescription = Yes;
				MTL_ENABLE_DEBUG_INFO = NO;
				SDKROOT = iphoneos;
				SWIFT_OPTIMIZATION_LEVEL = "-Owholemodule";
				SWIFT_VERSION = 5.0;
				TARGETED_DEVICE_FAMILY = "1,2";
				VALIDATE_PRODUCT = YES;
			};
			name = Release;
		};
		86985CDE1E834EC200577EC7 /* Debug */ = {
			isa = XCBuildConfiguration;
			baseConfigurationReference = 631AF7757A69A8CC1A9F05CC /* Pods-DJISDKSwiftDemo.debug.xcconfig */;
			buildSettings = {
				ASSETCATALOG_COMPILER_APPICON_NAME = AppIcon;
				CLANG_ALLOW_NON_MODULAR_INCLUDES_IN_FRAMEWORK_MODULES = YES;
				DEVELOPMENT_TEAM = QTJX5Y895K;
				ENABLE_BITCODE = NO;
				EXCLUDED_ARCHS = armv7;
				FRAMEWORK_SEARCH_PATHS = (
					"$(inherited)",
					"$(SRCROOT)",
					"$(PROJECT_DIR)/../DJIWidget",
					"\"$(SRCROOT)/../DJIWidget/FFmpeg\"",
				);
				HEADER_SEARCH_PATHS = "$(inherited)";
				INFOPLIST_FILE = "$(SRCROOT)/DJISDKSwiftDemo/Info.plist";
				INFOPLIST_KEY_CFBundleDisplayName = Demo_New;
				INFOPLIST_KEY_NSBluetoothPeripheralUsageDescription = Yes;
				IPHONEOS_DEPLOYMENT_TARGET = 14.0;
				LD_RUNPATH_SEARCH_PATHS = "$(inherited) @executable_path/Frameworks";
				LIBRARY_SEARCH_PATHS = "$(inherited)";
				PRODUCT_BUNDLE_IDENTIFIER = kist.wrl.spark;
				PRODUCT_NAME = "$(TARGET_NAME)";
				SWIFT_OBJC_BRIDGING_HEADER = "$(SRCROOT)/DJISDKSwiftDemo/DJIWidget-Bridging-Header.h";
				SWIFT_VERSION = 5.0;
			};
			name = Debug;
		};
		86985CDF1E834EC200577EC7 /* Release */ = {
			isa = XCBuildConfiguration;
			baseConfigurationReference = 00B747C3261AE518C946BD9D /* Pods-DJISDKSwiftDemo.release.xcconfig */;
			buildSettings = {
				ASSETCATALOG_COMPILER_APPICON_NAME = AppIcon;
				CLANG_ALLOW_NON_MODULAR_INCLUDES_IN_FRAMEWORK_MODULES = YES;
				DEVELOPMENT_TEAM = QTJX5Y895K;
				ENABLE_BITCODE = NO;
				EXCLUDED_ARCHS = armv7;
				FRAMEWORK_SEARCH_PATHS = (
					"$(inherited)",
					"$(SRCROOT)",
					"$(PROJECT_DIR)/../DJIWidget",
					"\"$(SRCROOT)/../DJIWidget/FFmpeg\"",
				);
				HEADER_SEARCH_PATHS = "$(inherited)";
				INFOPLIST_FILE = "$(SRCROOT)/DJISDKSwiftDemo/Info.plist";
				INFOPLIST_KEY_CFBundleDisplayName = Demo_New;
				INFOPLIST_KEY_NSBluetoothPeripheralUsageDescription = Yes;
				IPHONEOS_DEPLOYMENT_TARGET = 14.0;
				LD_RUNPATH_SEARCH_PATHS = "$(inherited) @executable_path/Frameworks";
				LIBRARY_SEARCH_PATHS = "$(inherited)";
				PRODUCT_BUNDLE_IDENTIFIER = kist.wrl.spark;
				PRODUCT_NAME = "$(TARGET_NAME)";
				SWIFT_OBJC_BRIDGING_HEADER = "$(SRCROOT)/DJISDKSwiftDemo/DJIWidget-Bridging-Header.h";
				SWIFT_VERSION = 5.0;
			};
			name = Release;
		};
/* End XCBuildConfiguration section */

/* Begin XCConfigurationList section */
		86985CC41E834EC200577EC7 /* Build configuration list for PBXProject "DJISDKSwiftDemo" */ = {
			isa = XCConfigurationList;
			buildConfigurations = (
				86985CDB1E834EC200577EC7 /* Debug */,
				86985CDC1E834EC200577EC7 /* Release */,
			);
			defaultConfigurationIsVisible = 0;
			defaultConfigurationName = Release;
		};
		86985CDD1E834EC200577EC7 /* Build configuration list for PBXNativeTarget "DJISDKSwiftDemo" */ = {
			isa = XCConfigurationList;
			buildConfigurations = (
				86985CDE1E834EC200577EC7 /* Debug */,
				86985CDF1E834EC200577EC7 /* Release */,
			);
			defaultConfigurationIsVisible = 0;
			defaultConfigurationName = Release;
		};
/* End XCConfigurationList section */
	};
	rootObject = 86985CC11E834EC200577EC7 /* Project object */;
}
